Microsoft Visual Studio Solution File, Format Version 12.00
# Visual Studio 15
VisualStudioVersion = 15.0.28307.1062
MinimumVisualStudioVersion = 10.0.40219.1
Project("{8BC9CEB8-8B4A-11D0-8D11-00A0C91BC942}") = "libvncxx", "..\..\..\..\projects\vs2019\libvncxx.vcxproj", "{72FA8039-B6D8-37DF-8FC0-CDE71377C512}"
EndProject
Project("{8BC9CEB8-8B4A-11D0-8D11-00A0C91BC942}") = "uart_protocol", "uart_protocol.vcxproj", "{EE9102C0-1E1E-3BB7-B45E-80F45865DA0F}"
	ProjectSection(ProjectDependencies) = postProject
		{72FA8039-B6D8-37DF-8FC0-CDE71377C512} = {72FA8039-B6D8-37DF-8FC0-CDE71377C512}
	EndProjectSection
EndProject
Global
	GlobalSection(SolutionConfigurationPlatforms) = preSolution
		Debug|Win32 = Debug|Win32
		Release|Win32 = Release|Win32
	EndGlobalSection
	GlobalSection(ProjectConfigurationPlatforms) = postSolution
		{72FA8039-B6D8-37DF-8FC0-CDE71377C512}.Debug|Win32.ActiveCfg = Debug|Win32
		{72FA8039-B6D8-37DF-8FC0-CDE71377C512}.Debug|Win32.Build.0 = Debug|Win32
		{72FA8039-B6D8-37DF-8FC0-CDE71377C512}.Release|Win32.ActiveCfg = Release|Win32
		{72FA8039-B6D8-37DF-8FC0-CDE71377C512}.Release|Win32.Build.0 = Release|Win32
		{EE9102C0-1E1E-3BB7-B45E-80F45865DA0F}.Debug|Win32.ActiveCfg = Debug|Win32
		{EE9102C0-1E1E-3BB7-B45E-80F45865DA0F}.Debug|Win32.Build.0 = Debug|Win32
		{EE9102C0-1E1E-3BB7-B45E-80F45865DA0F}.Release|Win32.ActiveCfg = Release|Win32
		{EE9102C0-1E1E-3BB7-B45E-80F45865DA0F}.Release|Win32.Build.0 = Release|Win32
	EndGlobalSection
	GlobalSection(SolutionProperties) = preSolution
		HideSolutionNode = FALSE
	EndGlobalSection
	GlobalSection(ExtensibilityGlobals) = postSolution
		SolutionGuid = {E64F9910-E3EA-47BF-AB40-7A51C4559419}
	EndGlobalSection
EndGlobal
